
Microsoft Visual Studio Solution File, Format Version 12.00
# Visual Studio 15
VisualStudioVersion = 15.0.27130.0
MinimumVisualStudioVersion = 10.0.40219.1
Project("{2150E333-8FDC-42A3-9474-1A3956D46DE8}") = "Examples", "Examples", "{C516E88B-F93A-4E66-AE28-BA332D152536}"
EndProject
Project("{FAE04EC0-301F-11D3-BF4B-00C04F79EFBC}") = "ImageSegmentation", "Examples\ImageSegmentation\ImageSegmentation.csproj", "{1DD94E17-88D2-41E8-8B04-1173E5DFD611}"
EndProject
Project("{9A19103F-16F7-4668-BE54-9A1E7A4F7556}") = "Aglomera", "Aglomera\Aglomera.csproj", "{44847AC8-145F-4C64-89FC-22F0A8A02C04}"
EndProject
Project("{9A19103F-16F7-4668-BE54-9A1E7A4F7556}") = "Aglomera.D3", "Aglomera.D3\Aglomera.D3.csproj", "{C55F40D6-C916-4771-8AD0-40E0EDF2E79F}"
EndProject
Project("{9A19103F-16F7-4668-BE54-9A1E7A4F7556}") = "ExamplesUtil", "Examples\ExamplesUtil\ExamplesUtil.csproj", "{66C3DFE5-5568-44E2-83B5-42882409C2C4}"
EndProject
Project("{9A19103F-16F7-4668-BE54-9A1E7A4F7556}") = "NumericClustering", "Examples\NumericClustering\NumericClustering.csproj", "{4EC4A579-9BA7-423B-8038-25A72ECDD068}"
EndProject
Project("{9A19103F-16F7-4668-BE54-9A1E7A4F7556}") = "InternalClusteringEvaluation", "Examples\InternalClusteringEvaluation\InternalClusteringEvaluation.csproj", "{1E12944E-D29C-426B-8094-5B5BBC12E365}"
EndProject
Project("{9A19103F-16F7-4668-BE54-9A1E7A4F7556}") = "ExternalClusteringEvaluation", "Examples\ExternalClusteringEvaluation\ExternalClusteringEvaluation.csproj", "{093B38A9-441C-468E-AC28-294964DF242F}"
EndProject
Project("{2150E333-8FDC-42A3-9474-1A3956D46DE8}") = "Tests", "Tests", "{D9C37117-3999-4268-8C14-EA464274CB03}"
EndProject
Project("{FAE04EC0-301F-11D3-BF4B-00C04F79EFBC}") = "Aglomera.Tests", "Aglomera.Tests\Aglomera.Tests.csproj", "{1FF0878F-1FD7-45A9-9FEF-605634C835E1}"
EndProject
Global
	GlobalSection(SolutionConfigurationPlatforms) = preSolution
		Debug|Any CPU = Debug|Any CPU
		Debug|x64 = Debug|x64
		Debug|x86 = Debug|x86
		Release|Any CPU = Release|Any CPU
		Release|x64 = Release|x64
		Release|x86 = Release|x86
	EndGlobalSection
	GlobalSection(ProjectConfigurationPlatforms) = postSolution
		{1DD94E17-88D2-41E8-8B04-1173E5DFD611}.Debug|Any CPU.ActiveCfg = Debug|Any CPU
		{1DD94E17-88D2-41E8-8B04-1173E5DFD611}.Debug|Any CPU.Build.0 = Debug|Any CPU
		{1DD94E17-88D2-41E8-8B04-1173E5DFD611}.Debug|x64.ActiveCfg = Debug|x64
		{1DD94E17-88D2-41E8-8B04-1173E5DFD611}.Debug|x64.Build.0 = Debug|x64
		{1DD94E17-88D2-41E8-8B04-1173E5DFD611}.Debug|x86.ActiveCfg = Debug|x86
		{1DD94E17-88D2-41E8-8B04-1173E5DFD611}.Debug|x86.Build.0 = Debug|x86
		{1DD94E17-88D2-41E8-8B04-1173E5DFD611}.Release|Any CPU.ActiveCfg = Release|Any CPU
		{1DD94E17-88D2-41E8-8B04-1173E5DFD611}.Release|Any CPU.Build.0 = Release|Any CPU
		{1DD94E17-88D2-41E8-8B04-1173E5DFD611}.Release|x64.ActiveCfg = Release|x64
		{1DD94E17-88D2-41E8-8B04-1173E5DFD611}.Release|x64.Build.0 = Release|x64
		{1DD94E17-88D2-41E8-8B04-1173E5DFD611}.Release|x86.ActiveCfg = Release|x86
		{1DD94E17-88D2-41E8-8B04-1173E5DFD611}.Release|x86.Build.0 = Release|x86
		{44847AC8-145F-4C64-89FC-22F0A8A02C04}.Debug|Any CPU.ActiveCfg = Debug|Any CPU
		{44847AC8-145F-4C64-89FC-22F0A8A02C04}.Debug|Any CPU.Build.0 = Debug|Any CPU
		{44847AC8-145F-4C64-89FC-22F0A8A02C04}.Debug|x64.ActiveCfg = Debug|x64
		{44847AC8-145F-4C64-89FC-22F0A8A02C04}.Debug|x64.Build.0 = Debug|x64
		{44847AC8-145F-4C64-89FC-22F0A8A02C04}.Debug|x86.ActiveCfg = Debug|x86
		{44847AC8-145F-4C64-89FC-22F0A8A02C04}.Debug|x86.Build.0 = Debug|x86
		{44847AC8-145F-4C64-89FC-22F0A8A02C04}.Release|Any CPU.ActiveCfg = Release|Any CPU
		{44847AC8-145F-4C64-89FC-22F0A8A02C04}.Release|Any CPU.Build.0 = Release|Any CPU
		{44847AC8-145F-4C64-89FC-22F0A8A02C04}.Release|x64.ActiveCfg = Release|x64
		{44847AC8-145F-4C64-89FC-22F0A8A02C04}.Release|x64.Build.0 = Release|x64
		{44847AC8-145F-4C64-89FC-22F0A8A02C04}.Release|x86.ActiveCfg = Release|x86
		{44847AC8-145F-4C64-89FC-22F0A8A02C04}.Release|x86.Build.0 = Release|x86
		{C55F40D6-C916-4771-8AD0-40E0EDF2E79F}.Debug|Any CPU.ActiveCfg = Debug|Any CPU
		{C55F40D6-C916-4771-8AD0-40E0EDF2E79F}.Debug|Any CPU.Build.0 = Debug|Any CPU
		{C55F40D6-C916-4771-8AD0-40E0EDF2E79F}.Debug|x64.ActiveCfg = Debug|x64
		{C55F40D6-C916-4771-8AD0-40E0EDF2E79F}.Debug|x64.Build.0 = Debug|x64
		{C55F40D6-C916-4771-8AD0-40E0EDF2E79F}.Debug|x86.ActiveCfg = Debug|x86
		{C55F40D6-C916-4771-8AD0-40E0EDF2E79F}.Debug|x86.Build.0 = Debug|x86
		{C55F40D6-C916-4771-8AD0-40E0EDF2E79F}.Release|Any CPU.ActiveCfg = Release|Any CPU
		{C55F40D6-C916-4771-8AD0-40E0EDF2E79F}.Release|Any CPU.Build.0 = Release|Any CPU
		{C55F40D6-C916-4771-8AD0-40E0EDF2E79F}.Release|x64.ActiveCfg = Release|x64
		{C55F40D6-C916-4771-8AD0-40E0EDF2E79F}.Release|x64.Build.0 = Release|x64
		{C55F40D6-C916-4771-8AD0-40E0EDF2E79F}.Release|x86.ActiveCfg = Release|x86
		{C55F40D6-C916-4771-8AD0-40E0EDF2E79F}.Release|x86.Build.0 = Release|x86
		{66C3DFE5-5568-44E2-83B5-42882409C2C4}.Debug|Any CPU.ActiveCfg = Debug|Any CPU
		{66C3DFE5-5568-44E2-83B5-42882409C2C4}.Debug|Any CPU.Build.0 = Debug|Any CPU
		{66C3DFE5-5568-44E2-83B5-42882409C2C4}.Debug|x64.ActiveCfg = Debug|x64
		{66C3DFE5-5568-44E2-83B5-42882409C2C4}.Debug|x64.Build.0 = Debug|x64
		{66C3DFE5-5568-44E2-83B5-42882409C2C4}.Debug|x86.ActiveCfg = Debug|x86
		{66C3DFE5-5568-44E2-83B5-42882409C2C4}.Debug|x86.Build.0 = Debug|x86
		{66C3DFE5-5568-44E2-83B5-42882409C2C4}.Release|Any CPU.ActiveCfg = Release|Any CPU
		{66C3DFE5-5568-44E2-83B5-42882409C2C4}.Release|Any CPU.Build.0 = Release|Any CPU
		{66C3DFE5-5568-44E2-83B5-42882409C2C4}.Release|x64.ActiveCfg = Release|x64
		{66C3DFE5-5568-44E2-83B5-42882409C2C4}.Release|x64.Build.0 = Release|x64
		{66C3DFE5-5568-44E2-83B5-42882409C2C4}.Release|x86.ActiveCfg = Release|x86
		{66C3DFE5-5568-44E2-83B5-42882409C2C4}.Release|x86.Build.0 = Release|x86
		{4EC4A579-9BA7-423B-8038-25A72ECDD068}.Debug|Any CPU.ActiveCfg = Debug|Any CPU
		{4EC4A579-9BA7-423B-8038-25A72ECDD068}.Debug|Any CPU.Build.0 = Debug|Any CPU
		{4EC4A579-9BA7-423B-8038-25A72ECDD068}.Debug|x64.ActiveCfg = Debug|x64
		{4EC4A579-9BA7-423B-8038-25A72ECDD068}.Debug|x64.Build.0 = Debug|x64
		{4EC4A579-9BA7-423B-8038-25A72ECDD068}.Debug|x86.ActiveCfg = Debug|x86
		{4EC4A579-9BA7-423B-8038-25A72ECDD068}.Debug|x86.Build.0 = Debug|x86
		{4EC4A579-9BA7-423B-8038-25A72ECDD068}.Release|Any CPU.ActiveCfg = Release|Any CPU
		{4EC4A579-9BA7-423B-8038-25A72ECDD068}.Release|Any CPU.Build.0 = Release|Any CPU
		{4EC4A579-9BA7-423B-8038-25A72ECDD068}.Release|x64.ActiveCfg = Release|x64
		{4EC4A579-9BA7-423B-8038-25A72ECDD068}.Release|x64.Build.0 = Release|x64
		{4EC4A579-9BA7-423B-8038-25A72ECDD068}.Release|x86.ActiveCfg = Release|x86
		{4EC4A579-9BA7-423B-8038-25A72ECDD068}.Release|x86.Build.0 = Release|x86
		{1E12944E-D29C-426B-8094-5B5BBC12E365}.Debug|Any CPU.ActiveCfg = Debug|Any CPU
		{1E12944E-D29C-426B-8094-5B5BBC12E365}.Debug|Any CPU.Build.0 = Debug|Any CPU
		{1E12944E-D29C-426B-8094-5B5BBC12E365}.Debug|x64.ActiveCfg = Debug|x64
		{1E12944E-D29C-426B-8094-5B5BBC12E365}.Debug|x64.Build.0 = Debug|x64
		{1E12944E-D29C-426B-8094-5B5BBC12E365}.Debug|x86.ActiveCfg = Debug|x86
		{1E12944E-D29C-426B-8094-5B5BBC12E365}.Debug|x86.Build.0 = Debug|x86
		{1E12944E-D29C-426B-8094-5B5BBC12E365}.Release|Any CPU.ActiveCfg = Release|Any CPU
		{1E12944E-D29C-426B-8094-5B5BBC12E365}.Release|Any CPU.Build.0 = Release|Any CPU
		{1E12944E-D29C-426B-8094-5B5BBC12E365}.Release|x64.ActiveCfg = Release|x64
		{1E12944E-D29C-426B-8094-5B5BBC12E365}.Release|x64.Build.0 = Release|x64
		{1E12944E-D29C-426B-8094-5B5BBC12E365}.Release|x86.ActiveCfg = Release|x86
		{1E12944E-D29C-426B-8094-5B5BBC12E365}.Release|x86.Build.0 = Release|x86
		{093B38A9-441C-468E-AC28-294964DF242F}.Debug|Any CPU.ActiveCfg = Debug|Any CPU
		{093B38A9-441C-468E-AC28-294964DF242F}.Debug|Any CPU.Build.0 = Debug|Any CPU
		{093B38A9-441C-468E-AC28-294964DF242F}.Debug|x64.ActiveCfg = Debug|x64
		{093B38A9-441C-468E-AC28-294964DF242F}.Debug|x64.Build.0 = Debug|x64
		{093B38A9-441C-468E-AC28-294964DF242F}.Debug|x86.ActiveCfg = Debug|x86
		{093B38A9-441C-468E-AC28-294964DF242F}.Debug|x86.Build.0 = Debug|x86
		{093B38A9-441C-468E-AC28-294964DF242F}.Release|Any CPU.ActiveCfg = Release|Any CPU
		{093B38A9-441C-468E-AC28-294964DF242F}.Release|Any CPU.Build.0 = Release|Any CPU
		{093B38A9-441C-468E-AC28-294964DF242F}.Release|x64.ActiveCfg = Release|x64
		{093B38A9-441C-468E-AC28-294964DF242F}.Release|x64.Build.0 = Release|x64
		{093B38A9-441C-468E-AC28-294964DF242F}.Release|x86.ActiveCfg = Release|x86
		{093B38A9-441C-468E-AC28-294964DF242F}.Release|x86.Build.0 = Release|x86
		{1FF0878F-1FD7-45A9-9FEF-605634C835E1}.Debug|Any CPU.ActiveCfg = Debug|Any CPU
		{1FF0878F-1FD7-45A9-9FEF-605634C835E1}.Debug|Any CPU.Build.0 = Debug|Any CPU
		{1FF0878F-1FD7-45A9-9FEF-605634C835E1}.Debug|x64.ActiveCfg = Debug|x64
		{1FF0878F-1FD7-45A9-9FEF-605634C835E1}.Debug|x64.Build.0 = Debug|x64
		{1FF0878F-1FD7-45A9-9FEF-605634C835E1}.Debug|x86.ActiveCfg = Debug|x86
		{1FF0878F-1FD7-45A9-9FEF-605634C835E1}.Debug|x86.Build.0 = Debug|x86
		{1FF0878F-1FD7-45A9-9FEF-605634C835E1}.Release|Any CPU.ActiveCfg = Release|Any CPU
		{1FF0878F-1FD7-45A9-9FEF-605634C835E1}.Release|Any CPU.Build.0 = Release|Any CPU
		{1FF0878F-1FD7-45A9-9FEF-605634C835E1}.Release|x64.ActiveCfg = Release|x64
		{1FF0878F-1FD7-45A9-9FEF-605634C835E1}.Release|x64.Build.0 = Release|x64
		{1FF0878F-1FD7-45A9-9FEF-605634C835E1}.Release|x86.ActiveCfg = Release|x86
		{1FF0878F-1FD7-45A9-9FEF-605634C835E1}.Release|x86.Build.0 = Release|x86
	EndGlobalSection
	GlobalSection(SolutionProperties) = preSolution
		HideSolutionNode = FALSE
	EndGlobalSection
	GlobalSection(NestedProjects) = preSolution
		{1DD94E17-88D2-41E8-8B04-1173E5DFD611} = {C516E88B-F93A-4E66-AE28-BA332D152536}
		{66C3DFE5-5568-44E2-83B5-42882409C2C4} = {C516E88B-F93A-4E66-AE28-BA332D152536}
		{4EC4A579-9BA7-423B-8038-25A72ECDD068} = {C516E88B-F93A-4E66-AE28-BA332D152536}
		{1E12944E-D29C-426B-8094-5B5BBC12E365} = {C516E88B-F93A-4E66-AE28-BA332D152536}
		{093B38A9-441C-468E-AC28-294964DF242F} = {C516E88B-F93A-4E66-AE28-BA332D152536}
		{1FF0878F-1FD7-45A9-9FEF-605634C835E1} = {D9C37117-3999-4268-8C14-EA464274CB03}
	EndGlobalSection
	GlobalSection(ExtensibilityGlobals) = postSolution
		SolutionGuid = {83283954-F7A7-4D9D-9F81-85A19A7FA87F}
	EndGlobalSection
EndGlobal
