
Microsoft Visual Studio Solution File, Format Version 12.00
# Visual Studio 15
VisualStudioVersion = 15.0.27130.0
MinimumVisualStudioVersion = 10.0.40219.1
Project("{FAE04EC0-301F-11D3-BF4B-00C04F79EFBC}") = "Grupo", "Grupo\Grupo.csproj", "{AA9654CC-2A92-4CEF-8659-3F1466878C05}"
EndProject
Project("{FAE04EC0-301F-11D3-BF4B-00C04F79EFBC}") = "Grupo.D3", "Grupo.D3\Grupo.D3.csproj", "{20345046-DF20-40DC-B09C-CDDF0236D587}"
EndProject
Project("{FAE04EC0-301F-11D3-BF4B-00C04F79EFBC}") = "NumericClustering", "Examples\NumericClustering\NumericClustering.csproj", "{F950B063-90A2-4267-B2CE-25E804C6F8B3}"
EndProject
Project("{FAE04EC0-301F-11D3-BF4B-00C04F79EFBC}") = "ExamplesUtil", "Examples\ExamplesUtil\ExamplesUtil.csproj", "{E714E129-6689-4004-93B6-664AE180C4B8}"
EndProject
Project("{FAE04EC0-301F-11D3-BF4B-00C04F79EFBC}") = "ExternalClusteringEvaluation", "Examples\ExternalClusteringEvaluation\ExternalClusteringEvaluation.csproj", "{F8618EDF-D29D-4A52-A14B-3223CE202ECE}"
EndProject
Project("{FAE04EC0-301F-11D3-BF4B-00C04F79EFBC}") = "InternalClusteringEvaluation", "Examples\InternalClusteringEvaluation\InternalClusteringEvaluation.csproj", "{881631AF-FF93-455E-B047-2734CCA4139A}"
EndProject
Project("{2150E333-8FDC-42A3-9474-1A3956D46DE8}") = "Examples", "Examples", "{C516E88B-F93A-4E66-AE28-BA332D152536}"
EndProject
Project("{FAE04EC0-301F-11D3-BF4B-00C04F79EFBC}") = "ImageSegmentation", "Examples\ImageSegmentation\ImageSegmentation.csproj", "{1DD94E17-88D2-41E8-8B04-1173E5DFD611}"
EndProject
Global
	GlobalSection(SolutionConfigurationPlatforms) = preSolution
		Debug|Any CPU = Debug|Any CPU
		Debug|x64 = Debug|x64
		Debug|x86 = Debug|x86
		Release|Any CPU = Release|Any CPU
		Release|x64 = Release|x64
		Release|x86 = Release|x86
	EndGlobalSection
	GlobalSection(ProjectConfigurationPlatforms) = postSolution
		{AA9654CC-2A92-4CEF-8659-3F1466878C05}.Debug|Any CPU.ActiveCfg = Debug|Any CPU
		{AA9654CC-2A92-4CEF-8659-3F1466878C05}.Debug|Any CPU.Build.0 = Debug|Any CPU
		{AA9654CC-2A92-4CEF-8659-3F1466878C05}.Debug|x64.ActiveCfg = Debug|x64
		{AA9654CC-2A92-4CEF-8659-3F1466878C05}.Debug|x64.Build.0 = Debug|x64
		{AA9654CC-2A92-4CEF-8659-3F1466878C05}.Debug|x86.ActiveCfg = Debug|Any CPU
		{AA9654CC-2A92-4CEF-8659-3F1466878C05}.Debug|x86.Build.0 = Debug|Any CPU
		{AA9654CC-2A92-4CEF-8659-3F1466878C05}.Release|Any CPU.ActiveCfg = Release|Any CPU
		{AA9654CC-2A92-4CEF-8659-3F1466878C05}.Release|Any CPU.Build.0 = Release|Any CPU
		{AA9654CC-2A92-4CEF-8659-3F1466878C05}.Release|x64.ActiveCfg = Release|x64
		{AA9654CC-2A92-4CEF-8659-3F1466878C05}.Release|x64.Build.0 = Release|x64
		{AA9654CC-2A92-4CEF-8659-3F1466878C05}.Release|x86.ActiveCfg = Release|Any CPU
		{AA9654CC-2A92-4CEF-8659-3F1466878C05}.Release|x86.Build.0 = Release|Any CPU
		{20345046-DF20-40DC-B09C-CDDF0236D587}.Debug|Any CPU.ActiveCfg = Debug|Any CPU
		{20345046-DF20-40DC-B09C-CDDF0236D587}.Debug|Any CPU.Build.0 = Debug|Any CPU
		{20345046-DF20-40DC-B09C-CDDF0236D587}.Debug|x64.ActiveCfg = Debug|x64
		{20345046-DF20-40DC-B09C-CDDF0236D587}.Debug|x64.Build.0 = Debug|x64
		{20345046-DF20-40DC-B09C-CDDF0236D587}.Debug|x86.ActiveCfg = Debug|x86
		{20345046-DF20-40DC-B09C-CDDF0236D587}.Debug|x86.Build.0 = Debug|x86
		{20345046-DF20-40DC-B09C-CDDF0236D587}.Release|Any CPU.ActiveCfg = Release|Any CPU
		{20345046-DF20-40DC-B09C-CDDF0236D587}.Release|Any CPU.Build.0 = Release|Any CPU
		{20345046-DF20-40DC-B09C-CDDF0236D587}.Release|x64.ActiveCfg = Release|x64
		{20345046-DF20-40DC-B09C-CDDF0236D587}.Release|x64.Build.0 = Release|x64
		{20345046-DF20-40DC-B09C-CDDF0236D587}.Release|x86.ActiveCfg = Release|x86
		{20345046-DF20-40DC-B09C-CDDF0236D587}.Release|x86.Build.0 = Release|x86
		{F950B063-90A2-4267-B2CE-25E804C6F8B3}.Debug|Any CPU.ActiveCfg = Debug|Any CPU
		{F950B063-90A2-4267-B2CE-25E804C6F8B3}.Debug|Any CPU.Build.0 = Debug|Any CPU
		{F950B063-90A2-4267-B2CE-25E804C6F8B3}.Debug|x64.ActiveCfg = Debug|x64
		{F950B063-90A2-4267-B2CE-25E804C6F8B3}.Debug|x64.Build.0 = Debug|x64
		{F950B063-90A2-4267-B2CE-25E804C6F8B3}.Debug|x86.ActiveCfg = Debug|Any CPU
		{F950B063-90A2-4267-B2CE-25E804C6F8B3}.Debug|x86.Build.0 = Debug|Any CPU
		{F950B063-90A2-4267-B2CE-25E804C6F8B3}.Release|Any CPU.ActiveCfg = Release|Any CPU
		{F950B063-90A2-4267-B2CE-25E804C6F8B3}.Release|Any CPU.Build.0 = Release|Any CPU
		{F950B063-90A2-4267-B2CE-25E804C6F8B3}.Release|x64.ActiveCfg = Release|x64
		{F950B063-90A2-4267-B2CE-25E804C6F8B3}.Release|x64.Build.0 = Release|x64
		{F950B063-90A2-4267-B2CE-25E804C6F8B3}.Release|x86.ActiveCfg = Release|Any CPU
		{F950B063-90A2-4267-B2CE-25E804C6F8B3}.Release|x86.Build.0 = Release|Any CPU
		{E714E129-6689-4004-93B6-664AE180C4B8}.Debug|Any CPU.ActiveCfg = Debug|Any CPU
		{E714E129-6689-4004-93B6-664AE180C4B8}.Debug|Any CPU.Build.0 = Debug|Any CPU
		{E714E129-6689-4004-93B6-664AE180C4B8}.Debug|x64.ActiveCfg = Debug|x64
		{E714E129-6689-4004-93B6-664AE180C4B8}.Debug|x64.Build.0 = Debug|x64
		{E714E129-6689-4004-93B6-664AE180C4B8}.Debug|x86.ActiveCfg = Debug|Any CPU
		{E714E129-6689-4004-93B6-664AE180C4B8}.Debug|x86.Build.0 = Debug|Any CPU
		{E714E129-6689-4004-93B6-664AE180C4B8}.Release|Any CPU.ActiveCfg = Release|Any CPU
		{E714E129-6689-4004-93B6-664AE180C4B8}.Release|Any CPU.Build.0 = Release|Any CPU
		{E714E129-6689-4004-93B6-664AE180C4B8}.Release|x64.ActiveCfg = Release|x64
		{E714E129-6689-4004-93B6-664AE180C4B8}.Release|x64.Build.0 = Release|x64
		{E714E129-6689-4004-93B6-664AE180C4B8}.Release|x86.ActiveCfg = Release|Any CPU
		{E714E129-6689-4004-93B6-664AE180C4B8}.Release|x86.Build.0 = Release|Any CPU
		{F8618EDF-D29D-4A52-A14B-3223CE202ECE}.Debug|Any CPU.ActiveCfg = Debug|Any CPU
		{F8618EDF-D29D-4A52-A14B-3223CE202ECE}.Debug|Any CPU.Build.0 = Debug|Any CPU
		{F8618EDF-D29D-4A52-A14B-3223CE202ECE}.Debug|x64.ActiveCfg = Debug|x64
		{F8618EDF-D29D-4A52-A14B-3223CE202ECE}.Debug|x64.Build.0 = Debug|x64
		{F8618EDF-D29D-4A52-A14B-3223CE202ECE}.Debug|x86.ActiveCfg = Debug|x86
		{F8618EDF-D29D-4A52-A14B-3223CE202ECE}.Debug|x86.Build.0 = Debug|x86
		{F8618EDF-D29D-4A52-A14B-3223CE202ECE}.Release|Any CPU.ActiveCfg = Release|Any CPU
		{F8618EDF-D29D-4A52-A14B-3223CE202ECE}.Release|Any CPU.Build.0 = Release|Any CPU
		{F8618EDF-D29D-4A52-A14B-3223CE202ECE}.Release|x64.ActiveCfg = Release|x64
		{F8618EDF-D29D-4A52-A14B-3223CE202ECE}.Release|x64.Build.0 = Release|x64
		{F8618EDF-D29D-4A52-A14B-3223CE202ECE}.Release|x86.ActiveCfg = Release|x86
		{F8618EDF-D29D-4A52-A14B-3223CE202ECE}.Release|x86.Build.0 = Release|x86
		{881631AF-FF93-455E-B047-2734CCA4139A}.Debug|Any CPU.ActiveCfg = Debug|Any CPU
		{881631AF-FF93-455E-B047-2734CCA4139A}.Debug|Any CPU.Build.0 = Debug|Any CPU
		{881631AF-FF93-455E-B047-2734CCA4139A}.Debug|x64.ActiveCfg = Debug|x64
		{881631AF-FF93-455E-B047-2734CCA4139A}.Debug|x64.Build.0 = Debug|x64
		{881631AF-FF93-455E-B047-2734CCA4139A}.Debug|x86.ActiveCfg = Debug|x86
		{881631AF-FF93-455E-B047-2734CCA4139A}.Debug|x86.Build.0 = Debug|x86
		{881631AF-FF93-455E-B047-2734CCA4139A}.Release|Any CPU.ActiveCfg = Release|Any CPU
		{881631AF-FF93-455E-B047-2734CCA4139A}.Release|Any CPU.Build.0 = Release|Any CPU
		{881631AF-FF93-455E-B047-2734CCA4139A}.Release|x64.ActiveCfg = Release|x64
		{881631AF-FF93-455E-B047-2734CCA4139A}.Release|x64.Build.0 = Release|x64
		{881631AF-FF93-455E-B047-2734CCA4139A}.Release|x86.ActiveCfg = Release|x86
		{881631AF-FF93-455E-B047-2734CCA4139A}.Release|x86.Build.0 = Release|x86
		{1DD94E17-88D2-41E8-8B04-1173E5DFD611}.Debug|Any CPU.ActiveCfg = Debug|Any CPU
		{1DD94E17-88D2-41E8-8B04-1173E5DFD611}.Debug|Any CPU.Build.0 = Debug|Any CPU
		{1DD94E17-88D2-41E8-8B04-1173E5DFD611}.Debug|x64.ActiveCfg = Debug|x64
		{1DD94E17-88D2-41E8-8B04-1173E5DFD611}.Debug|x64.Build.0 = Debug|x64
		{1DD94E17-88D2-41E8-8B04-1173E5DFD611}.Debug|x86.ActiveCfg = Debug|Any CPU
		{1DD94E17-88D2-41E8-8B04-1173E5DFD611}.Debug|x86.Build.0 = Debug|Any CPU
		{1DD94E17-88D2-41E8-8B04-1173E5DFD611}.Release|Any CPU.ActiveCfg = Release|Any CPU
		{1DD94E17-88D2-41E8-8B04-1173E5DFD611}.Release|Any CPU.Build.0 = Release|Any CPU
		{1DD94E17-88D2-41E8-8B04-1173E5DFD611}.Release|x64.ActiveCfg = Release|x64
		{1DD94E17-88D2-41E8-8B04-1173E5DFD611}.Release|x64.Build.0 = Release|x64
		{1DD94E17-88D2-41E8-8B04-1173E5DFD611}.Release|x86.ActiveCfg = Release|Any CPU
		{1DD94E17-88D2-41E8-8B04-1173E5DFD611}.Release|x86.Build.0 = Release|Any CPU
	EndGlobalSection
	GlobalSection(SolutionProperties) = preSolution
		HideSolutionNode = FALSE
	EndGlobalSection
	GlobalSection(NestedProjects) = preSolution
		{F950B063-90A2-4267-B2CE-25E804C6F8B3} = {C516E88B-F93A-4E66-AE28-BA332D152536}
		{E714E129-6689-4004-93B6-664AE180C4B8} = {C516E88B-F93A-4E66-AE28-BA332D152536}
		{F8618EDF-D29D-4A52-A14B-3223CE202ECE} = {C516E88B-F93A-4E66-AE28-BA332D152536}
		{881631AF-FF93-455E-B047-2734CCA4139A} = {C516E88B-F93A-4E66-AE28-BA332D152536}
		{1DD94E17-88D2-41E8-8B04-1173E5DFD611} = {C516E88B-F93A-4E66-AE28-BA332D152536}
	EndGlobalSection
	GlobalSection(ExtensibilityGlobals) = postSolution
		SolutionGuid = {83283954-F7A7-4D9D-9F81-85A19A7FA87F}
	EndGlobalSection
EndGlobal
